
Microsoft Visual Studio Solution File, Format Version 12.00
# Visual Studio 11
Project("{FAE04EC0-301F-11D3-BF4B-00C04F79EFBC}") = "Continuum", "src\Continuum\Continuum.csproj", "{3F0A76E8-E3D9-4EDF-8E34-37580F18CE52}"
EndProject
Project("{FAE04EC0-301F-11D3-BF4B-00C04F79EFBC}") = "Continuum.Test", "src\Continuum.Test\Continuum.Test.csproj", "{357F4DD5-DBD2-4D1E-BB0B-543BFC756D04}"
EndProject
Global
	GlobalSection(SolutionConfigurationPlatforms) = preSolution
		Debug|Any CPU = Debug|Any CPU
		Release|Any CPU = Release|Any CPU
	EndGlobalSection
	GlobalSection(ProjectConfigurationPlatforms) = postSolution
		{357F4DD5-DBD2-4D1E-BB0B-543BFC756D04}.Debug|Any CPU.ActiveCfg = Debug|Any CPU
		{357F4DD5-DBD2-4D1E-BB0B-543BFC756D04}.Debug|Any CPU.Build.0 = Debug|Any CPU
		{357F4DD5-DBD2-4D1E-BB0B-543BFC756D04}.Release|Any CPU.ActiveCfg = Release|Any CPU
		{357F4DD5-DBD2-4D1E-BB0B-543BFC756D04}.Release|Any CPU.Build.0 = Release|Any CPU
		{3F0A76E8-E3D9-4EDF-8E34-37580F18CE52}.Debug|Any CPU.ActiveCfg = Debug|Any CPU
		{3F0A76E8-E3D9-4EDF-8E34-37580F18CE52}.Debug|Any CPU.Build.0 = Debug|Any CPU
		{3F0A76E8-E3D9-4EDF-8E34-37580F18CE52}.Release|Any CPU.ActiveCfg = Release|Any CPU
		{3F0A76E8-E3D9-4EDF-8E34-37580F18CE52}.Release|Any CPU.Build.0 = Release|Any CPU
	EndGlobalSection
	GlobalSection(SolutionProperties) = preSolution
		HideSolutionNode = FALSE
	EndGlobalSection
EndGlobal
